<?xml version="1.0" encoding="utf-8"?>
<Project ToolsVersion="4.0" xmlns="http://schemas.microsoft.com/developer/msbuild/2003">
  <ItemGroup>
    <Filter Include="Source Files">
      <UniqueIdentifier>{4FC737F1-C7A5-4376-A066-2A32D752A2FF}</UniqueIdentifier>
      <Extensions>qml;cpp;c;cc;cxx;def;odl;idl;hpj;bat;asm;asmx</Extensions>
    </Filter>
    <Filter Include="Header Files">
      <UniqueIdentifier>{93995380-89BD-4b04-88EB-625FBE52EBFB}</UniqueIdentifier>
      <Extensions>h;hh;hpp;hxx;hm;inl;inc;xsd</Extensions>
    </Filter>
    <Filter Include="Resource Files">
      <UniqueIdentifier>{67DA6AB6-F800-4c08-8B7A-83BB121AAD01}</UniqueIdentifier>
      <Extensions>qrc;rc;ico;cur;bmp;dlg;rc2;rct;bin;rgs;gif;jpg;jpeg;jpe;resx;tiff;tif;png;wav;mfcribbon-ms</Extensions>
    </Filter>
    <Filter Include="Form Files">
      <UniqueIdentifier>{99349809-55BA-4b9d-BF79-8FDBB0286EB3}</UniqueIdentifier>
      <Extensions>ui</Extensions>
    </Filter>
  </ItemGroup>
  <ItemGroup>
    <QtRcc Include="previewscene.qrc">
      <Filter>Resource Files</Filter>
    </QtRcc>
    <QtUic Include="previewscene.ui">
      <Filter>Form Files</Filter>
    </QtUic>
    <QtMoc Include="previewscene.h">
      <Filter>Header Files</Filter>
    </QtMoc>
    <ClCompile Include="previewscene.cpp">
      <Filter>Source Files</Filter>
    </ClCompile>
  </ItemGroup>
  <ItemGroup>
    <ClCompile Include="main.cpp">
      <Filter>Source Files</Filter>
    </ClCompile>
    <ClCompile Include="customtitle.cpp">
      <Filter>Source Files</Filter>
    </ClCompile>
    <ClCompile Include="closebutton.cpp">
      <Filter>Source Files</Filter>
    </ClCompile>
    <ClCompile Include="imageoptionbar.cpp">
      <Filter>Source Files</Filter>
    </ClCompile>
    <ClCompile Include="albumoptionbar.cpp">
      <Filter>Source Files</Filter>
    </ClCompile>
    <ClCompile Include="albumscrollwidget.cpp">
      <Filter>Source Files</Filter>
    </ClCompile>
    <ClCompile Include="imagescrollwidget.cpp">
      <Filter>Source Files</Filter>
    </ClCompile>
    <ClCompile Include="customimage.cpp">
      <Filter>Source Files</Filter>
    </ClCompile>
  </ItemGroup>
  <ItemGroup>
    <ClInclude Include="resource.h">
      <Filter>Header Files</Filter>
    </ClInclude>
  </ItemGroup>
  <ItemGroup>
    <QtMoc Include="customtitle.h">
      <Filter>Header Files</Filter>
    </QtMoc>
    <QtMoc Include="closebutton.h">
      <Filter>Header Files</Filter>
    </QtMoc>
    <QtMoc Include="imageoptionbar.h">
      <Filter>Header Files</Filter>
    </QtMoc>
    <QtMoc Include="albumoptionbar.h">
      <Filter>Header Files</Filter>
    </QtMoc>
    <QtMoc Include="albumscrollwidget.h">
      <Filter>Header Files</Filter>
    </QtMoc>
    <QtMoc Include="imagescrollwidget.h">
      <Filter>Header Files</Filter>
    </QtMoc>
    <QtMoc Include="customimage.h">
      <Filter>Header Files</Filter>
    </QtMoc>
  </ItemGroup>
  <ItemGroup>
    <QtUic Include="customtitle.ui">
      <Filter>Form Files</Filter>
    </QtUic>
    <QtUic Include="customimage.ui">
      <Filter>Form Files</Filter>
    </QtUic>
  </ItemGroup>
</Project>